
Microsoft Visual Studio Solution File, Format Version 12.00
# Visual Studio Version 17
VisualStudioVersion = 17.13.35825.156 d17.13
MinimumVisualStudioVersion = 10.0.40219.1
Project("{FAE04EC0-301F-11D3-BF4B-00C04F79EFBC}") = "WindowsFormsApp", "WindowsFormsApp.csproj", "{19071DE2-E670-4DDF-A4C3-C516175DAEB8}"
EndProject
Global
	GlobalSection(SolutionConfigurationPlatforms) = preSolution
		Debug|Any CPU = Debug|Any CPU
		Release|Any CPU = Release|Any CPU
	EndGlobalSection
	GlobalSection(ProjectConfigurationPlatforms) = postSolution
		{19071DE2-E670-4DDF-A4C3-C516175DAEB8}.Debug|Any CPU.ActiveCfg = Debug|Any CPU
		{19071DE2-E670-4DDF-A4C3-C516175DAEB8}.Debug|Any CPU.Build.0 = Debug|Any CPU
		{19071DE2-E670-4DDF-A4C3-C516175DAEB8}.Release|Any CPU.ActiveCfg = Release|Any CPU
		{19071DE2-E670-4DDF-A4C3-C516175DAEB8}.Release|Any CPU.Build.0 = Release|Any CPU
	EndGlobalSection
	GlobalSection(SolutionProperties) = preSolution
		HideSolutionNode = FALSE
	EndGlobalSection
	GlobalSection(ExtensibilityGlobals) = postSolution
		SolutionGuid = {5AA1EC95-BBA6-475B-9838-0D2F6117C875}
	EndGlobalSection
EndGlobal
